
Microsoft Visual Studio Solution File, Format Version 12.00
# Visual Studio Version 16
VisualStudioVersion = 16.0.30517.126
MinimumVisualStudioVersion = 10.0.40219.1
Project("{FAE04EC0-301F-11D3-BF4B-00C04F79EFBC}") = "Trabalho 01", "Trabalho 01\Trabalho 01.csproj", "{48015ED0-161C-463A-B4BA-C056AA96D47F}"
EndProject
Global
	GlobalSection(SolutionConfigurationPlatforms) = preSolution
		Debug|Any CPU = Debug|Any CPU
		Release|Any CPU = Release|Any CPU
	EndGlobalSection
	GlobalSection(ProjectConfigurationPlatforms) = postSolution
		{48015ED0-161C-463A-B4BA-C056AA96D47F}.Debug|Any CPU.ActiveCfg = Debug|Any CPU
		{48015ED0-161C-463A-B4BA-C056AA96D47F}.Debug|Any CPU.Build.0 = Debug|Any CPU
		{48015ED0-161C-463A-B4BA-C056AA96D47F}.Release|Any CPU.ActiveCfg = Release|Any CPU
		{48015ED0-161C-463A-B4BA-C056AA96D47F}.Release|Any CPU.Build.0 = Release|Any CPU
	EndGlobalSection
	GlobalSection(SolutionProperties) = preSolution
		HideSolutionNode = FALSE
	EndGlobalSection
	GlobalSection(ExtensibilityGlobals) = postSolution
		SolutionGuid = {F00D3924-862E-4EE9-BCBC-21964EC3704A}
	EndGlobalSection
EndGlobal
